// !$*UTF8*$!
{
	archiveVersion = 1;
	classes = {
	};
	objectVersion = 50;
	objects = {

/* Begin PBXBuildFile section */
		AB529CFAC90AE3EC26E2693D /* Pods_CareTake.framework in Frameworks */ = {isa = PBXBuildFile; fileRef = FF4EED0D0D32341068BD1613 /* Pods_CareTake.framework */; };
		D700747F21A0C1A60036AD73 /* AppDelegate.swift in Sources */ = {isa = PBXBuildFile; fileRef = D700747E21A0C1A60036AD73 /* AppDelegate.swift */; };
		D700748121A0C1A60036AD73 /* TABCONTROLLER.swift in Sources */ = {isa = PBXBuildFile; fileRef = D700748021A0C1A60036AD73 /* TABCONTROLLER.swift */; };
		D700748421A0C1A60036AD73 /* Main.storyboard in Resources */ = {isa = PBXBuildFile; fileRef = D700748221A0C1A60036AD73 /* Main.storyboard */; };
		D700748621A0C1A60036AD73 /* Assets.xcassets in Resources */ = {isa = PBXBuildFile; fileRef = D700748521A0C1A60036AD73 /* Assets.xcassets */; };
		D700748921A0C1A60036AD73 /* LaunchScreen.storyboard in Resources */ = {isa = PBXBuildFile; fileRef = D700748721A0C1A60036AD73 /* LaunchScreen.storyboard */; };
		D700749221A0C3930036AD73 /* Record.swift in Sources */ = {isa = PBXBuildFile; fileRef = D700749121A0C3930036AD73 /* Record.swift */; };
		D700749521A0C6BD0036AD73 /* HealthKit.framework in Frameworks */ = {isa = PBXBuildFile; fileRef = D700749421A0C6BD0036AD73 /* HealthKit.framework */; };
		D700749721A0CC090036AD73 /* User.swift in Sources */ = {isa = PBXBuildFile; fileRef = D700749621A0CC090036AD73 /* User.swift */; };
		D700749921A102800036AD73 /* Dashboard.swift in Sources */ = {isa = PBXBuildFile; fileRef = D700749821A102800036AD73 /* Dashboard.swift */; };
		D700749C21A102DB0036AD73 /* ProfileController.swift in Sources */ = {isa = PBXBuildFile; fileRef = D700749B21A102DB0036AD73 /* ProfileController.swift */; };
		D700749F21A1033D0036AD73 /* ProfileView.swift in Sources */ = {isa = PBXBuildFile; fileRef = D700749E21A1033D0036AD73 /* ProfileView.swift */; };
		D70074A121A103940036AD73 /* DashboardView.swift in Sources */ = {isa = PBXBuildFile; fileRef = D70074A021A103940036AD73 /* DashboardView.swift */; };
		D70074A321A116130036AD73 /* DashboardCell.swift in Sources */ = {isa = PBXBuildFile; fileRef = D70074A221A116130036AD73 /* DashboardCell.swift */; };
		D70074A721A1165A0036AD73 /* UIColor.swift in Sources */ = {isa = PBXBuildFile; fileRef = D70074A621A1165A0036AD73 /* UIColor.swift */; };
		D70074A921A116ED0036AD73 /* Constants.swift in Sources */ = {isa = PBXBuildFile; fileRef = D70074A821A116ED0036AD73 /* Constants.swift */; };
		D70074AB21A1171B0036AD73 /* Styling.swift in Sources */ = {isa = PBXBuildFile; fileRef = D70074AA21A1171B0036AD73 /* Styling.swift */; };
		D70074AD21A1C5BF0036AD73 /* PainView.swift in Sources */ = {isa = PBXBuildFile; fileRef = D70074AC21A1C5BF0036AD73 /* PainView.swift */; };
/* End PBXBuildFile section */

/* Begin PBXFileReference section */
		AE49E75973213D1CB874850C /* Pods-CareTake.debug.xcconfig */ = {isa = PBXFileReference; includeInIndex = 1; lastKnownFileType = text.xcconfig; name = "Pods-CareTake.debug.xcconfig"; path = "Pods/Target Support Files/Pods-CareTake/Pods-CareTake.debug.xcconfig"; sourceTree = "<group>"; };
		D700747B21A0C1A60036AD73 /* CareTake.app */ = {isa = PBXFileReference; explicitFileType = wrapper.application; includeInIndex = 0; path = CareTake.app; sourceTree = BUILT_PRODUCTS_DIR; };
		D700747E21A0C1A60036AD73 /* AppDelegate.swift */ = {isa = PBXFileReference; lastKnownFileType = sourcecode.swift; path = AppDelegate.swift; sourceTree = "<group>"; };
		D700748021A0C1A60036AD73 /* TABCONTROLLER.swift */ = {isa = PBXFileReference; lastKnownFileType = sourcecode.swift; path = TABCONTROLLER.swift; sourceTree = "<group>"; };
		D700748321A0C1A60036AD73 /* Base */ = {isa = PBXFileReference; lastKnownFileType = file.storyboard; name = Base; path = Base.lproj/Main.storyboard; sourceTree = "<group>"; };
		D700748521A0C1A60036AD73 /* Assets.xcassets */ = {isa = PBXFileReference; lastKnownFileType = folder.assetcatalog; path = Assets.xcassets; sourceTree = "<group>"; };
		D700748821A0C1A60036AD73 /* Base */ = {isa = PBXFileReference; lastKnownFileType = file.storyboard; name = Base; path = Base.lproj/LaunchScreen.storyboard; sourceTree = "<group>"; };
		D700748A21A0C1A60036AD73 /* Info.plist */ = {isa = PBXFileReference; lastKnownFileType = text.plist.xml; path = Info.plist; sourceTree = "<group>"; };
		D700749121A0C3930036AD73 /* Record.swift */ = {isa = PBXFileReference; lastKnownFileType = sourcecode.swift; path = Record.swift; sourceTree = "<group>"; };
		D700749321A0C6BD0036AD73 /* CareTake.entitlements */ = {isa = PBXFileReference; lastKnownFileType = text.plist.entitlements; path = CareTake.entitlements; sourceTree = "<group>"; };
		D700749421A0C6BD0036AD73 /* HealthKit.framework */ = {isa = PBXFileReference; lastKnownFileType = wrapper.framework; name = HealthKit.framework; path = System/Library/Frameworks/HealthKit.framework; sourceTree = SDKROOT; };
		D700749621A0CC090036AD73 /* User.swift */ = {isa = PBXFileReference; lastKnownFileType = sourcecode.swift; path = User.swift; sourceTree = "<group>"; };
		D700749821A102800036AD73 /* Dashboard.swift */ = {isa = PBXFileReference; lastKnownFileType = sourcecode.swift; path = Dashboard.swift; sourceTree = "<group>"; };
		D700749B21A102DB0036AD73 /* ProfileController.swift */ = {isa = PBXFileReference; lastKnownFileType = sourcecode.swift; path = ProfileController.swift; sourceTree = "<group>"; };
		D700749E21A1033D0036AD73 /* ProfileView.swift */ = {isa = PBXFileReference; lastKnownFileType = sourcecode.swift; path = ProfileView.swift; sourceTree = "<group>"; };
		D70074A021A103940036AD73 /* DashboardView.swift */ = {isa = PBXFileReference; lastKnownFileType = sourcecode.swift; path = DashboardView.swift; sourceTree = "<group>"; };
		D70074A221A116130036AD73 /* DashboardCell.swift */ = {isa = PBXFileReference; lastKnownFileType = sourcecode.swift; path = DashboardCell.swift; sourceTree = "<group>"; };
		D70074A621A1165A0036AD73 /* UIColor.swift */ = {isa = PBXFileReference; lastKnownFileType = sourcecode.swift; path = UIColor.swift; sourceTree = "<group>"; };
		D70074A821A116ED0036AD73 /* Constants.swift */ = {isa = PBXFileReference; lastKnownFileType = sourcecode.swift; path = Constants.swift; sourceTree = "<group>"; };
		D70074AA21A1171B0036AD73 /* Styling.swift */ = {isa = PBXFileReference; lastKnownFileType = sourcecode.swift; path = Styling.swift; sourceTree = "<group>"; };
		D70074AC21A1C5BF0036AD73 /* PainView.swift */ = {isa = PBXFileReference; lastKnownFileType = sourcecode.swift; path = PainView.swift; sourceTree = "<group>"; };
		E68A9374E6230EBBB783A193 /* Pods-CareTake.release.xcconfig */ = {isa = PBXFileReference; includeInIndex = 1; lastKnownFileType = text.xcconfig; name = "Pods-CareTake.release.xcconfig"; path = "Pods/Target Support Files/Pods-CareTake/Pods-CareTake.release.xcconfig"; sourceTree = "<group>"; };
		FF4EED0D0D32341068BD1613 /* Pods_CareTake.framework */ = {isa = PBXFileReference; explicitFileType = wrapper.framework; includeInIndex = 0; path = Pods_CareTake.framework; sourceTree = BUILT_PRODUCTS_DIR; };
/* End PBXFileReference section */

/* Begin PBXFrameworksBuildPhase section */
		D700747821A0C1A60036AD73 /* Frameworks */ = {
			isa = PBXFrameworksBuildPhase;
			buildActionMask = 2147483647;
			files = (
				AB529CFAC90AE3EC26E2693D /* Pods_CareTake.framework in Frameworks */,
				D700749521A0C6BD0036AD73 /* HealthKit.framework in Frameworks */,
			);
			runOnlyForDeploymentPostprocessing = 0;
		};
/* End PBXFrameworksBuildPhase section */

/* Begin PBXGroup section */
		69BBB741E13AADD8CD69E0AF /* Pods */ = {
			isa = PBXGroup;
			children = (
				AE49E75973213D1CB874850C /* Pods-CareTake.debug.xcconfig */,
				E68A9374E6230EBBB783A193 /* Pods-CareTake.release.xcconfig */,
			);
			name = Pods;
			sourceTree = "<group>";
		};
		D700747221A0C1A50036AD73 = {
			isa = PBXGroup;
			children = (
				D700747D21A0C1A60036AD73 /* CareTake */,
				D700747C21A0C1A60036AD73 /* Products */,
				69BBB741E13AADD8CD69E0AF /* Pods */,
				F0A772EA101FA292269FE130 /* Frameworks */,
			);
			sourceTree = "<group>";
		};
		D700747C21A0C1A60036AD73 /* Products */ = {
			isa = PBXGroup;
			children = (
				D700747B21A0C1A60036AD73 /* CareTake.app */,
			);
			name = Products;
			sourceTree = "<group>";
		};
		D700747D21A0C1A60036AD73 /* CareTake */ = {
			isa = PBXGroup;
			children = (
				D70074A521A116480036AD73 /* Extensions */,
				D70074A421A116400036AD73 /* Helpers */,
				D700749321A0C6BD0036AD73 /* CareTake.entitlements */,
				D700749D21A103310036AD73 /* View */,
				D700749A21A102CF0036AD73 /* Controller */,
				D700749021A0C37B0036AD73 /* Model */,
				D700747E21A0C1A60036AD73 /* AppDelegate.swift */,
				D700748021A0C1A60036AD73 /* TABCONTROLLER.swift */,
				D700748221A0C1A60036AD73 /* Main.storyboard */,
				D700748521A0C1A60036AD73 /* Assets.xcassets */,
				D700748721A0C1A60036AD73 /* LaunchScreen.storyboard */,
				D700748A21A0C1A60036AD73 /* Info.plist */,
			);
			path = CareTake;
			sourceTree = "<group>";
		};
		D700749021A0C37B0036AD73 /* Model */ = {
			isa = PBXGroup;
			children = (
				D700749121A0C3930036AD73 /* Record.swift */,
				D700749621A0CC090036AD73 /* User.swift */,
			);
			path = Model;
			sourceTree = "<group>";
		};
		D700749A21A102CF0036AD73 /* Controller */ = {
			isa = PBXGroup;
			children = (
				D700749821A102800036AD73 /* Dashboard.swift */,
				D700749B21A102DB0036AD73 /* ProfileController.swift */,
			);
			path = Controller;
			sourceTree = "<group>";
		};
		D700749D21A103310036AD73 /* View */ = {
			isa = PBXGroup;
			children = (
				D70074A221A116130036AD73 /* DashboardCell.swift */,
				D700749E21A1033D0036AD73 /* ProfileView.swift */,
				D70074A021A103940036AD73 /* DashboardView.swift */,
				D70074AC21A1C5BF0036AD73 /* PainView.swift */,
			);
			path = View;
			sourceTree = "<group>";
		};
		D70074A421A116400036AD73 /* Helpers */ = {
			isa = PBXGroup;
			children = (
				D70074A821A116ED0036AD73 /* Constants.swift */,
				D70074AA21A1171B0036AD73 /* Styling.swift */,
			);
			path = Helpers;
			sourceTree = "<group>";
		};
		D70074A521A116480036AD73 /* Extensions */ = {
			isa = PBXGroup;
			children = (
				D70074A621A1165A0036AD73 /* UIColor.swift */,
			);
			path = Extensions;
			sourceTree = "<group>";
		};
		F0A772EA101FA292269FE130 /* Frameworks */ = {
			isa = PBXGroup;
			children = (
				D700749421A0C6BD0036AD73 /* HealthKit.framework */,
				FF4EED0D0D32341068BD1613 /* Pods_CareTake.framework */,
			);
			name = Frameworks;
			sourceTree = "<group>";
		};
/* End PBXGroup section */

/* Begin PBXNativeTarget section */
		D700747A21A0C1A60036AD73 /* CareTake */ = {
			isa = PBXNativeTarget;
			buildConfigurationList = D700748D21A0C1A60036AD73 /* Build configuration list for PBXNativeTarget "CareTake" */;
			buildPhases = (
				4B686FB30169497A190D9B07 /* [CP] Check Pods Manifest.lock */,
				D700747721A0C1A60036AD73 /* Sources */,
				D700747821A0C1A60036AD73 /* Frameworks */,
				D700747921A0C1A60036AD73 /* Resources */,
				2008DE4A6469454BD071DF50 /* [CP] Embed Pods Frameworks */,
			);
			buildRules = (
			);
			dependencies = (
			);
			name = CareTake;
			productName = CareTake;
			productReference = D700747B21A0C1A60036AD73 /* CareTake.app */;
			productType = "com.apple.product-type.application";
		};
/* End PBXNativeTarget section */

/* Begin PBXProject section */
		D700747321A0C1A50036AD73 /* Project object */ = {
			isa = PBXProject;
			attributes = {
				LastSwiftUpdateCheck = 1010;
				LastUpgradeCheck = 1010;
				ORGANIZATIONNAME = Wesaturate;
				TargetAttributes = {
					D700747A21A0C1A60036AD73 = {
						CreatedOnToolsVersion = 10.1;
						SystemCapabilities = {
							com.apple.HealthKit = {
								enabled = 1;
							};
						};
					};
				};
			};
			buildConfigurationList = D700747621A0C1A50036AD73 /* Build configuration list for PBXProject "CareTake" */;
			compatibilityVersion = "Xcode 9.3";
			developmentRegion = en;
			hasScannedForEncodings = 0;
			knownRegions = (
				en,
				Base,
			);
			mainGroup = D700747221A0C1A50036AD73;
			productRefGroup = D700747C21A0C1A60036AD73 /* Products */;
			projectDirPath = "";
			projectRoot = "";
			targets = (
				D700747A21A0C1A60036AD73 /* CareTake */,
			);
		};
/* End PBXProject section */

/* Begin PBXResourcesBuildPhase section */
		D700747921A0C1A60036AD73 /* Resources */ = {
			isa = PBXResourcesBuildPhase;
			buildActionMask = 2147483647;
			files = (
				D700748921A0C1A60036AD73 /* LaunchScreen.storyboard in Resources */,
				D700748621A0C1A60036AD73 /* Assets.xcassets in Resources */,
				D700748421A0C1A60036AD73 /* Main.storyboard in Resources */,
			);
			runOnlyForDeploymentPostprocessing = 0;
		};
/* End PBXResourcesBuildPhase section */

/* Begin PBXShellScriptBuildPhase section */
		2008DE4A6469454BD071DF50 /* [CP] Embed Pods Frameworks */ = {
			isa = PBXShellScriptBuildPhase;
			buildActionMask = 2147483647;
			files = (
			);
			inputFileListPaths = (
			);
			inputPaths = (
				"${SRCROOT}/Pods/Target Support Files/Pods-CareTake/Pods-CareTake-frameworks.sh",
				"${BUILT_PRODUCTS_DIR}/FontAwesomeKit.Swift/FontAwesomeKit_Swift.framework",
				"${BUILT_PRODUCTS_DIR}/Kingfisher/Kingfisher.framework",
				"${BUILT_PRODUCTS_DIR}/MagicalRecord/MagicalRecord.framework",
			);
			name = "[CP] Embed Pods Frameworks";
			outputFileListPaths = (
			);
			outputPaths = (
				"${TARGET_BUILD_DIR}/${FRAMEWORKS_FOLDER_PATH}/FontAwesomeKit_Swift.framework",
				"${TARGET_BUILD_DIR}/${FRAMEWORKS_FOLDER_PATH}/Kingfisher.framework",
				"${TARGET_BUILD_DIR}/${FRAMEWORKS_FOLDER_PATH}/MagicalRecord.framework",
			);
			runOnlyForDeploymentPostprocessing = 0;
			shellPath = /bin/sh;
			shellScript = "\"${SRCROOT}/Pods/Target Support Files/Pods-CareTake/Pods-CareTake-frameworks.sh\"\n";
			showEnvVarsInLog = 0;
		};
		4B686FB30169497A190D9B07 /* [CP] Check Pods Manifest.lock */ = {
			isa = PBXShellScriptBuildPhase;
			buildActionMask = 2147483647;
			files = (
			);
			inputFileListPaths = (
			);
			inputPaths = (
				"${PODS_PODFILE_DIR_PATH}/Podfile.lock",
				"${PODS_ROOT}/Manifest.lock",
			);
			name = "[CP] Check Pods Manifest.lock";
			outputFileListPaths = (
			);
			outputPaths = (
				"$(DERIVED_FILE_DIR)/Pods-CareTake-checkManifestLockResult.txt",
			);
			runOnlyForDeploymentPostprocessing = 0;
			shellPath = /bin/sh;
			shellScript = "diff \"${PODS_PODFILE_DIR_PATH}/Podfile.lock\" \"${PODS_ROOT}/Manifest.lock\" > /dev/null\nif [ $? != 0 ] ; then\n    # print error to STDERR\n    echo \"error: The sandbox is not in sync with the Podfile.lock. Run 'pod install' or update your CocoaPods installation.\" >&2\n    exit 1\nfi\n# This output is used by Xcode 'outputs' to avoid re-running this script phase.\necho \"SUCCESS\" > \"${SCRIPT_OUTPUT_FILE_0}\"\n";
			showEnvVarsInLog = 0;
		};
/* End PBXShellScriptBuildPhase section */

/* Begin PBXSourcesBuildPhase section */
		D700747721A0C1A60036AD73 /* Sources */ = {
			isa = PBXSourcesBuildPhase;
			buildActionMask = 2147483647;
			files = (
				D700749721A0CC090036AD73 /* User.swift in Sources */,
				D70074A921A116ED0036AD73 /* Constants.swift in Sources */,
				D70074A321A116130036AD73 /* DashboardCell.swift in Sources */,
				D70074A121A103940036AD73 /* DashboardView.swift in Sources */,
				D700748121A0C1A60036AD73 /* TABCONTROLLER.swift in Sources */,
				D700747F21A0C1A60036AD73 /* AppDelegate.swift in Sources */,
				D70074AB21A1171B0036AD73 /* Styling.swift in Sources */,
				D70074AD21A1C5BF0036AD73 /* PainView.swift in Sources */,
				D70074A721A1165A0036AD73 /* UIColor.swift in Sources */,
				D700749921A102800036AD73 /* Dashboard.swift in Sources */,
				D700749221A0C3930036AD73 /* Record.swift in Sources */,
				D700749F21A1033D0036AD73 /* ProfileView.swift in Sources */,
				D700749C21A102DB0036AD73 /* ProfileController.swift in Sources */,
			);
			runOnlyForDeploymentPostprocessing = 0;
		};
/* End PBXSourcesBuildPhase section */

/* Begin PBXVariantGroup section */
		D700748221A0C1A60036AD73 /* Main.storyboard */ = {
			isa = PBXVariantGroup;
			children = (
				D700748321A0C1A60036AD73 /* Base */,
			);
			name = Main.storyboard;
			sourceTree = "<group>";
		};
		D700748721A0C1A60036AD73 /* LaunchScreen.storyboard */ = {
			isa = PBXVariantGroup;
			children = (
				D700748821A0C1A60036AD73 /* Base */,
			);
			name = LaunchScreen.storyboard;
			sourceTree = "<group>";
		};
/* End PBXVariantGroup section */

/* Begin XCBuildConfiguration section */
		D700748B21A0C1A60036AD73 /* Debug */ = {
			isa = XCBuildConfiguration;
			buildSettings = {
				ALWAYS_SEARCH_USER_PATHS = NO;
				CLANG_ANALYZER_NONNULL = YES;
				CLANG_ANALYZER_NUMBER_OBJECT_CONVERSION = YES_AGGRESSIVE;
				CLANG_CXX_LANGUAGE_STANDARD = "gnu++14";
				CLANG_CXX_LIBRARY = "libc++";
				CLANG_ENABLE_MODULES = YES;
				CLANG_ENABLE_OBJC_ARC = YES;
				CLANG_ENABLE_OBJC_WEAK = YES;
				CLANG_WARN_BLOCK_CAPTURE_AUTORELEASING = YES;
				CLANG_WARN_BOOL_CONVERSION = YES;
				CLANG_WARN_COMMA = YES;
				CLANG_WARN_CONSTANT_CONVERSION = YES;
				CLANG_WARN_DEPRECATED_OBJC_IMPLEMENTATIONS = YES;
				CLANG_WARN_DIRECT_OBJC_ISA_USAGE = YES_ERROR;
				CLANG_WARN_DOCUMENTATION_COMMENTS = YES;
				CLANG_WARN_EMPTY_BODY = YES;
				CLANG_WARN_ENUM_CONVERSION = YES;
				CLANG_WARN_INFINITE_RECURSION = YES;
				CLANG_WARN_INT_CONVERSION = YES;
				CLANG_WARN_NON_LITERAL_NULL_CONVERSION = YES;
				CLANG_WARN_OBJC_IMPLICIT_RETAIN_SELF = YES;
				CLANG_WARN_OBJC_LITERAL_CONVERSION = YES;
				CLANG_WARN_OBJC_ROOT_CLASS = YES_ERROR;
				CLANG_WARN_RANGE_LOOP_ANALYSIS = YES;
				CLANG_WARN_STRICT_PROTOTYPES = YES;
				CLANG_WARN_SUSPICIOUS_MOVE = YES;
				CLANG_WARN_UNGUARDED_AVAILABILITY = YES_AGGRESSIVE;
				CLANG_WARN_UNREACHABLE_CODE = YES;
				CLANG_WARN__DUPLICATE_METHOD_MATCH = YES;
				CODE_SIGN_IDENTITY = "iPhone Developer";
				COPY_PHASE_STRIP = NO;
				DEBUG_INFORMATION_FORMAT = dwarf;
				ENABLE_STRICT_OBJC_MSGSEND = YES;
				ENABLE_TESTABILITY = YES;
				GCC_C_LANGUAGE_STANDARD = gnu11;
				GCC_DYNAMIC_NO_PIC = NO;
				GCC_NO_COMMON_BLOCKS = YES;
				GCC_OPTIMIZATION_LEVEL = 0;
				GCC_PREPROCESSOR_DEFINITIONS = (
					"DEBUG=1",
					"$(inherited)",
				);
				GCC_WARN_64_TO_32_BIT_CONVERSION = YES;
				GCC_WARN_ABOUT_RETURN_TYPE = YES_ERROR;
				GCC_WARN_UNDECLARED_SELECTOR = YES;
				GCC_WARN_UNINITIALIZED_AUTOS = YES_AGGRESSIVE;
				GCC_WARN_UNUSED_FUNCTION = YES;
				GCC_WARN_UNUSED_VARIABLE = YES;
				IPHONEOS_DEPLOYMENT_TARGET = 12.1;
				MTL_ENABLE_DEBUG_INFO = INCLUDE_SOURCE;
				MTL_FAST_MATH = YES;
				ONLY_ACTIVE_ARCH = YES;
				SDKROOT = iphoneos;
				SWIFT_ACTIVE_COMPILATION_CONDITIONS = DEBUG;
				SWIFT_OPTIMIZATION_LEVEL = "-Onone";
			};
			name = Debug;
		};
		D700748C21A0C1A60036AD73 /* Release */ = {
			isa = XCBuildConfiguration;
			buildSettings = {
				ALWAYS_SEARCH_USER_PATHS = NO;
				CLANG_ANALYZER_NONNULL = YES;
				CLANG_ANALYZER_NUMBER_OBJECT_CONVERSION = YES_AGGRESSIVE;
				CLANG_CXX_LANGUAGE_STANDARD = "gnu++14";
				CLANG_CXX_LIBRARY = "libc++";
				CLANG_ENABLE_MODULES = YES;
				CLANG_ENABLE_OBJC_ARC = YES;
				CLANG_ENABLE_OBJC_WEAK = YES;
				CLANG_WARN_BLOCK_CAPTURE_AUTORELEASING = YES;
				CLANG_WARN_BOOL_CONVERSION = YES;
				CLANG_WARN_COMMA = YES;
				CLANG_WARN_CONSTANT_CONVERSION = YES;
				CLANG_WARN_DEPRECATED_OBJC_IMPLEMENTATIONS = YES;
				CLANG_WARN_DIRECT_OBJC_ISA_USAGE = YES_ERROR;
				CLANG_WARN_DOCUMENTATION_COMMENTS = YES;
				CLANG_WARN_EMPTY_BODY = YES;
				CLANG_WARN_ENUM_CONVERSION = YES;
				CLANG_WARN_INFINITE_RECURSION = YES;
				CLANG_WARN_INT_CONVERSION = YES;
				CLANG_WARN_NON_LITERAL_NULL_CONVERSION = YES;
				CLANG_WARN_OBJC_IMPLICIT_RETAIN_SELF = YES;
				CLANG_WARN_OBJC_LITERAL_CONVERSION = YES;
				CLANG_WARN_OBJC_ROOT_CLASS = YES_ERROR;
				CLANG_WARN_RANGE_LOOP_ANALYSIS = YES;
				CLANG_WARN_STRICT_PROTOTYPES = YES;
				CLANG_WARN_SUSPICIOUS_MOVE = YES;
				CLANG_WARN_UNGUARDED_AVAILABILITY = YES_AGGRESSIVE;
				CLANG_WARN_UNREACHABLE_CODE = YES;
				CLANG_WARN__DUPLICATE_METHOD_MATCH = YES;
				CODE_SIGN_IDENTITY = "iPhone Developer";
				COPY_PHASE_STRIP = NO;
				DEBUG_INFORMATION_FORMAT = "dwarf-with-dsym";
				ENABLE_NS_ASSERTIONS = NO;
				ENABLE_STRICT_OBJC_MSGSEND = YES;
				GCC_C_LANGUAGE_STANDARD = gnu11;
				GCC_NO_COMMON_BLOCKS = YES;
				GCC_WARN_64_TO_32_BIT_CONVERSION = YES;
				GCC_WARN_ABOUT_RETURN_TYPE = YES_ERROR;
				GCC_WARN_UNDECLARED_SELECTOR = YES;
				GCC_WARN_UNINITIALIZED_AUTOS = YES_AGGRESSIVE;
				GCC_WARN_UNUSED_FUNCTION = YES;
				GCC_WARN_UNUSED_VARIABLE = YES;
				IPHONEOS_DEPLOYMENT_TARGET = 12.1;
				MTL_ENABLE_DEBUG_INFO = NO;
				MTL_FAST_MATH = YES;
				SDKROOT = iphoneos;
				SWIFT_COMPILATION_MODE = wholemodule;
				SWIFT_OPTIMIZATION_LEVEL = "-O";
				VALIDATE_PRODUCT = YES;
			};
			name = Release;
		};
		D700748E21A0C1A60036AD73 /* Debug */ = {
			isa = XCBuildConfiguration;
			baseConfigurationReference = AE49E75973213D1CB874850C /* Pods-CareTake.debug.xcconfig */;
			buildSettings = {
				ASSETCATALOG_COMPILER_APPICON_NAME = AppIcon;
				CODE_SIGN_ENTITLEMENTS = CareTake/CareTake.entitlements;
				CODE_SIGN_STYLE = Automatic;
				DEVELOPMENT_TEAM = JL7TCK5Y58;
				INFOPLIST_FILE = CareTake/Info.plist;
				IPHONEOS_DEPLOYMENT_TARGET = 12.0;
				LD_RUNPATH_SEARCH_PATHS = (
					"$(inherited)",
					"@executable_path/Frameworks",
				);
				PRODUCT_BUNDLE_IDENTIFIER = io.gifton.CareTake;
				PRODUCT_NAME = "$(TARGET_NAME)";
				SWIFT_VERSION = 4.2;
				TARGETED_DEVICE_FAMILY = "1,2";
			};
			name = Debug;
		};
		D700748F21A0C1A60036AD73 /* Release */ = {
			isa = XCBuildConfiguration;
			baseConfigurationReference = E68A9374E6230EBBB783A193 /* Pods-CareTake.release.xcconfig */;
			buildSettings = {
				ASSETCATALOG_COMPILER_APPICON_NAME = AppIcon;
				CODE_SIGN_ENTITLEMENTS = CareTake/CareTake.entitlements;
				CODE_SIGN_STYLE = Automatic;
				DEVELOPMENT_TEAM = JL7TCK5Y58;
				INFOPLIST_FILE = CareTake/Info.plist;
				IPHONEOS_DEPLOYMENT_TARGET = 12.0;
				LD_RUNPATH_SEARCH_PATHS = (
					"$(inherited)",
					"@executable_path/Frameworks",
				);
				PRODUCT_BUNDLE_IDENTIFIER = io.gifton.CareTake;
				PRODUCT_NAME = "$(TARGET_NAME)";
				SWIFT_VERSION = 4.2;
				TARGETED_DEVICE_FAMILY = "1,2";
			};
			name = Release;
		};
/* End XCBuildConfiguration section */

/* Begin XCConfigurationList section */
		D700747621A0C1A50036AD73 /* Build configuration list for PBXProject "CareTake" */ = {
			isa = XCConfigurationList;
			buildConfigurations = (
				D700748B21A0C1A60036AD73 /* Debug */,
				D700748C21A0C1A60036AD73 /* Release */,
			);
			defaultConfigurationIsVisible = 0;
			defaultConfigurationName = Release;
		};
		D700748D21A0C1A60036AD73 /* Build configuration list for PBXNativeTarget "CareTake" */ = {
			isa = XCConfigurationList;
			buildConfigurations = (
				D700748E21A0C1A60036AD73 /* Debug */,
				D700748F21A0C1A60036AD73 /* Release */,
			);
			defaultConfigurationIsVisible = 0;
			defaultConfigurationName = Release;
		};
/* End XCConfigurationList section */
	};
	rootObject = D700747321A0C1A50036AD73 /* Project object */;
}
